// !$*UTF8*$!
{
	archiveVersion = 1;
	classes = {
	};
	objectVersion = 56;
	objects = {

/* Begin PBXBuildFile section */
		C54508F82AD5556E00D1EACB /* ProfileViewController.swift in Sources */ = {isa = PBXBuildFile; fileRef = C54508F72AD5556E00D1EACB /* ProfileViewController.swift */; };
		C54508FA2AD59C9200D1EACB /* LoginModel.swift in Sources */ = {isa = PBXBuildFile; fileRef = C54508F92AD59C9200D1EACB /* LoginModel.swift */; };
		C54508FF2AD5A1B100D1EACB /* ProfileModel.swift in Sources */ = {isa = PBXBuildFile; fileRef = C54508FE2AD5A1B100D1EACB /* ProfileModel.swift */; };
		C54509012AD5A28800D1EACB /* BIoModel.swift in Sources */ = {isa = PBXBuildFile; fileRef = C54509002AD5A28800D1EACB /* BIoModel.swift */; };
		C54509052AD5E42E00D1EACB /* BioViewController.swift in Sources */ = {isa = PBXBuildFile; fileRef = C54509042AD5E42E00D1EACB /* BioViewController.swift */; };
		C5CCCF462AD069DF00A446F4 /* AppDelegate.swift in Sources */ = {isa = PBXBuildFile; fileRef = C5CCCF452AD069DF00A446F4 /* AppDelegate.swift */; };
		C5CCCF482AD069DF00A446F4 /* SceneDelegate.swift in Sources */ = {isa = PBXBuildFile; fileRef = C5CCCF472AD069DF00A446F4 /* SceneDelegate.swift */; };
		C5CCCF4A2AD069DF00A446F4 /* LoginViewController.swift in Sources */ = {isa = PBXBuildFile; fileRef = C5CCCF492AD069DF00A446F4 /* LoginViewController.swift */; };
		C5CCCF4D2AD069DF00A446F4 /* Main.storyboard in Resources */ = {isa = PBXBuildFile; fileRef = C5CCCF4B2AD069DF00A446F4 /* Main.storyboard */; };
		C5CCCF4F2AD069E000A446F4 /* Assets.xcassets in Resources */ = {isa = PBXBuildFile; fileRef = C5CCCF4E2AD069E000A446F4 /* Assets.xcassets */; };
		C5CCCF522AD069E000A446F4 /* LaunchScreen.storyboard in Resources */ = {isa = PBXBuildFile; fileRef = C5CCCF502AD069E000A446F4 /* LaunchScreen.storyboard */; };
		C5CCCF5C2AD079DB00A446F4 /* WelcomeViewController.swift in Sources */ = {isa = PBXBuildFile; fileRef = C5CCCF5B2AD079DB00A446F4 /* WelcomeViewController.swift */; };
/* End PBXBuildFile section */

/* Begin PBXFileReference section */
		C54508F72AD5556E00D1EACB /* ProfileViewController.swift */ = {isa = PBXFileReference; lastKnownFileType = sourcecode.swift; path = ProfileViewController.swift; sourceTree = "<group>"; };
		C54508F92AD59C9200D1EACB /* LoginModel.swift */ = {isa = PBXFileReference; lastKnownFileType = sourcecode.swift; path = LoginModel.swift; sourceTree = "<group>"; };
		C54508FE2AD5A1B100D1EACB /* ProfileModel.swift */ = {isa = PBXFileReference; lastKnownFileType = sourcecode.swift; path = ProfileModel.swift; sourceTree = "<group>"; };
		C54509002AD5A28800D1EACB /* BIoModel.swift */ = {isa = PBXFileReference; lastKnownFileType = sourcecode.swift; path = BIoModel.swift; sourceTree = "<group>"; };
		C54509042AD5E42E00D1EACB /* BioViewController.swift */ = {isa = PBXFileReference; lastKnownFileType = sourcecode.swift; path = BioViewController.swift; sourceTree = "<group>"; };
		C5CCCF422AD069DF00A446F4 /* AboutMeApp.app */ = {isa = PBXFileReference; explicitFileType = wrapper.application; includeInIndex = 0; path = AboutMeApp.app; sourceTree = BUILT_PRODUCTS_DIR; };
		C5CCCF452AD069DF00A446F4 /* AppDelegate.swift */ = {isa = PBXFileReference; lastKnownFileType = sourcecode.swift; path = AppDelegate.swift; sourceTree = "<group>"; };
		C5CCCF472AD069DF00A446F4 /* SceneDelegate.swift */ = {isa = PBXFileReference; lastKnownFileType = sourcecode.swift; path = SceneDelegate.swift; sourceTree = "<group>"; };
		C5CCCF492AD069DF00A446F4 /* LoginViewController.swift */ = {isa = PBXFileReference; lastKnownFileType = sourcecode.swift; path = LoginViewController.swift; sourceTree = "<group>"; };
		C5CCCF4C2AD069DF00A446F4 /* Base */ = {isa = PBXFileReference; lastKnownFileType = file.storyboard; name = Base; path = Base.lproj/Main.storyboard; sourceTree = "<group>"; };
		C5CCCF4E2AD069E000A446F4 /* Assets.xcassets */ = {isa = PBXFileReference; lastKnownFileType = folder.assetcatalog; path = Assets.xcassets; sourceTree = "<group>"; };
		C5CCCF512AD069E000A446F4 /* Base */ = {isa = PBXFileReference; lastKnownFileType = file.storyboard; name = Base; path = Base.lproj/LaunchScreen.storyboard; sourceTree = "<group>"; };
		C5CCCF532AD069E000A446F4 /* Info.plist */ = {isa = PBXFileReference; lastKnownFileType = text.plist.xml; path = Info.plist; sourceTree = "<group>"; };
		C5CCCF5B2AD079DB00A446F4 /* WelcomeViewController.swift */ = {isa = PBXFileReference; lastKnownFileType = sourcecode.swift; path = WelcomeViewController.swift; sourceTree = "<group>"; };
/* End PBXFileReference section */

/* Begin PBXFrameworksBuildPhase section */
		C5CCCF3F2AD069DF00A446F4 /* Frameworks */ = {
			isa = PBXFrameworksBuildPhase;
			buildActionMask = 2147483647;
			files = (
			);
			runOnlyForDeploymentPostprocessing = 0;
		};
/* End PBXFrameworksBuildPhase section */

/* Begin PBXGroup section */
		C54508FB2AD5A12100D1EACB /* Models */ = {
			isa = PBXGroup;
			children = (
				C54508F92AD59C9200D1EACB /* LoginModel.swift */,
				C54508FE2AD5A1B100D1EACB /* ProfileModel.swift */,
				C54509002AD5A28800D1EACB /* BIoModel.swift */,
			);
			path = Models;
			sourceTree = "<group>";
		};
		C5CCCF392AD069DF00A446F4 = {
			isa = PBXGroup;
			children = (
				C5CCCF442AD069DF00A446F4 /* AboutMeApp */,
				C5CCCF432AD069DF00A446F4 /* Products */,
			);
			sourceTree = "<group>";
		};
		C5CCCF432AD069DF00A446F4 /* Products */ = {
			isa = PBXGroup;
			children = (
				C5CCCF422AD069DF00A446F4 /* AboutMeApp.app */,
			);
			name = Products;
			sourceTree = "<group>";
		};
		C5CCCF442AD069DF00A446F4 /* AboutMeApp */ = {
			isa = PBXGroup;
			children = (
				C54508FB2AD5A12100D1EACB /* Models */,
				C5CCCF452AD069DF00A446F4 /* AppDelegate.swift */,
				C5CCCF472AD069DF00A446F4 /* SceneDelegate.swift */,
				C5CCCF492AD069DF00A446F4 /* LoginViewController.swift */,
				C54509042AD5E42E00D1EACB /* BioViewController.swift */,
				C5CCCF5B2AD079DB00A446F4 /* WelcomeViewController.swift */,
				C54508F72AD5556E00D1EACB /* ProfileViewController.swift */,
				C5CCCF4B2AD069DF00A446F4 /* Main.storyboard */,
				C5CCCF4E2AD069E000A446F4 /* Assets.xcassets */,
				C5CCCF502AD069E000A446F4 /* LaunchScreen.storyboard */,
				C5CCCF532AD069E000A446F4 /* Info.plist */,
			);
			path = AboutMeApp;
			sourceTree = "<group>";
		};
/* End PBXGroup section */

/* Begin PBXNativeTarget section */
		C5CCCF412AD069DF00A446F4 /* AboutMeApp */ = {
			isa = PBXNativeTarget;
			buildConfigurationList = C5CCCF562AD069E000A446F4 /* Build configuration list for PBXNativeTarget "AboutMeApp" */;
			buildPhases = (
				C5CCCF3E2AD069DF00A446F4 /* Sources */,
				C5CCCF3F2AD069DF00A446F4 /* Frameworks */,
				C5CCCF402AD069DF00A446F4 /* Resources */,
			);
			buildRules = (
			);
			dependencies = (
			);
			name = AboutMeApp;
			productName = AboutMeApp;
			productReference = C5CCCF422AD069DF00A446F4 /* AboutMeApp.app */;
			productType = "com.apple.product-type.application";
		};
/* End PBXNativeTarget section */

/* Begin PBXProject section */
		C5CCCF3A2AD069DF00A446F4 /* Project object */ = {
			isa = PBXProject;
			attributes = {
				BuildIndependentTargetsInParallel = 1;
				LastSwiftUpdateCheck = 1430;
				LastUpgradeCheck = 1430;
				TargetAttributes = {
					C5CCCF412AD069DF00A446F4 = {
						CreatedOnToolsVersion = 14.3.1;
					};
				};
			};
			buildConfigurationList = C5CCCF3D2AD069DF00A446F4 /* Build configuration list for PBXProject "AboutMeApp" */;
			compatibilityVersion = "Xcode 14.0";
			developmentRegion = en;
			hasScannedForEncodings = 0;
			knownRegions = (
				en,
				Base,
			);
			mainGroup = C5CCCF392AD069DF00A446F4;
			productRefGroup = C5CCCF432AD069DF00A446F4 /* Products */;
			projectDirPath = "";
			projectRoot = "";
			targets = (
				C5CCCF412AD069DF00A446F4 /* AboutMeApp */,
			);
		};
/* End PBXProject section */

/* Begin PBXResourcesBuildPhase section */
		C5CCCF402AD069DF00A446F4 /* Resources */ = {
			isa = PBXResourcesBuildPhase;
			buildActionMask = 2147483647;
			files = (
				C5CCCF522AD069E000A446F4 /* LaunchScreen.storyboard in Resources */,
				C5CCCF4F2AD069E000A446F4 /* Assets.xcassets in Resources */,
				C5CCCF4D2AD069DF00A446F4 /* Main.storyboard in Resources */,
			);
			runOnlyForDeploymentPostprocessing = 0;
		};
/* End PBXResourcesBuildPhase section */

/* Begin PBXSourcesBuildPhase section */
		C5CCCF3E2AD069DF00A446F4 /* Sources */ = {
			isa = PBXSourcesBuildPhase;
			buildActionMask = 2147483647;
			files = (
				C5CCCF4A2AD069DF00A446F4 /* LoginViewController.swift in Sources */,
				C54508FF2AD5A1B100D1EACB /* ProfileModel.swift in Sources */,
				C5CCCF5C2AD079DB00A446F4 /* WelcomeViewController.swift in Sources */,
				C54508F82AD5556E00D1EACB /* ProfileViewController.swift in Sources */,
				C54508FA2AD59C9200D1EACB /* LoginModel.swift in Sources */,
				C5CCCF462AD069DF00A446F4 /* AppDelegate.swift in Sources */,
				C5CCCF482AD069DF00A446F4 /* SceneDelegate.swift in Sources */,
				C54509012AD5A28800D1EACB /* BIoModel.swift in Sources */,
				C54509052AD5E42E00D1EACB /* BioViewController.swift in Sources */,
			);
			runOnlyForDeploymentPostprocessing = 0;
		};
/* End PBXSourcesBuildPhase section */

/* Begin PBXVariantGroup section */
		C5CCCF4B2AD069DF00A446F4 /* Main.storyboard */ = {
			isa = PBXVariantGroup;
			children = (
				C5CCCF4C2AD069DF00A446F4 /* Base */,
			);
			name = Main.storyboard;
			sourceTree = "<group>";
		};
		C5CCCF502AD069E000A446F4 /* LaunchScreen.storyboard */ = {
			isa = PBXVariantGroup;
			children = (
				C5CCCF512AD069E000A446F4 /* Base */,
			);
			name = LaunchScreen.storyboard;
			sourceTree = "<group>";
		};
/* End PBXVariantGroup section */

/* Begin XCBuildConfiguration section */
		C5CCCF542AD069E000A446F4 /* Debug */ = {
			isa = XCBuildConfiguration;
			buildSettings = {
				ALWAYS_SEARCH_USER_PATHS = NO;
				CLANG_ANALYZER_NONNULL = YES;
				CLANG_ANALYZER_NUMBER_OBJECT_CONVERSION = YES_AGGRESSIVE;
				CLANG_CXX_LANGUAGE_STANDARD = "gnu++20";
				CLANG_ENABLE_MODULES = YES;
				CLANG_ENABLE_OBJC_ARC = YES;
				CLANG_ENABLE_OBJC_WEAK = YES;
				CLANG_WARN_BLOCK_CAPTURE_AUTORELEASING = YES;
				CLANG_WARN_BOOL_CONVERSION = YES;
				CLANG_WARN_COMMA = YES;
				CLANG_WARN_CONSTANT_CONVERSION = YES;
				CLANG_WARN_DEPRECATED_OBJC_IMPLEMENTATIONS = YES;
				CLANG_WARN_DIRECT_OBJC_ISA_USAGE = YES_ERROR;
				CLANG_WARN_DOCUMENTATION_COMMENTS = YES;
				CLANG_WARN_EMPTY_BODY = YES;
				CLANG_WARN_ENUM_CONVERSION = YES;
				CLANG_WARN_INFINITE_RECURSION = YES;
				CLANG_WARN_INT_CONVERSION = YES;
				CLANG_WARN_NON_LITERAL_NULL_CONVERSION = YES;
				CLANG_WARN_OBJC_IMPLICIT_RETAIN_SELF = YES;
				CLANG_WARN_OBJC_LITERAL_CONVERSION = YES;
				CLANG_WARN_OBJC_ROOT_CLASS = YES_ERROR;
				CLANG_WARN_QUOTED_INCLUDE_IN_FRAMEWORK_HEADER = YES;
				CLANG_WARN_RANGE_LOOP_ANALYSIS = YES;
				CLANG_WARN_STRICT_PROTOTYPES = YES;
				CLANG_WARN_SUSPICIOUS_MOVE = YES;
				CLANG_WARN_UNGUARDED_AVAILABILITY = YES_AGGRESSIVE;
				CLANG_WARN_UNREACHABLE_CODE = YES;
				CLANG_WARN__DUPLICATE_METHOD_MATCH = YES;
				COPY_PHASE_STRIP = NO;
				DEBUG_INFORMATION_FORMAT = dwarf;
				ENABLE_STRICT_OBJC_MSGSEND = YES;
				ENABLE_TESTABILITY = YES;
				GCC_C_LANGUAGE_STANDARD = gnu11;
				GCC_DYNAMIC_NO_PIC = NO;
				GCC_NO_COMMON_BLOCKS = YES;
				GCC_OPTIMIZATION_LEVEL = 0;
				GCC_PREPROCESSOR_DEFINITIONS = (
					"DEBUG=1",
					"$(inherited)",
				);
				GCC_WARN_64_TO_32_BIT_CONVERSION = YES;
				GCC_WARN_ABOUT_RETURN_TYPE = YES_ERROR;
				GCC_WARN_UNDECLARED_SELECTOR = YES;
				GCC_WARN_UNINITIALIZED_AUTOS = YES_AGGRESSIVE;
				GCC_WARN_UNUSED_FUNCTION = YES;
				GCC_WARN_UNUSED_VARIABLE = YES;
				IPHONEOS_DEPLOYMENT_TARGET = 16.4;
				MTL_ENABLE_DEBUG_INFO = INCLUDE_SOURCE;
				MTL_FAST_MATH = YES;
				ONLY_ACTIVE_ARCH = YES;
				SDKROOT = iphoneos;
				SWIFT_ACTIVE_COMPILATION_CONDITIONS = DEBUG;
				SWIFT_OPTIMIZATION_LEVEL = "-Onone";
			};
			name = Debug;
		};
		C5CCCF552AD069E000A446F4 /* Release */ = {
			isa = XCBuildConfiguration;
			buildSettings = {
				ALWAYS_SEARCH_USER_PATHS = NO;
				CLANG_ANALYZER_NONNULL = YES;
				CLANG_ANALYZER_NUMBER_OBJECT_CONVERSION = YES_AGGRESSIVE;
				CLANG_CXX_LANGUAGE_STANDARD = "gnu++20";
				CLANG_ENABLE_MODULES = YES;
				CLANG_ENABLE_OBJC_ARC = YES;
				CLANG_ENABLE_OBJC_WEAK = YES;
				CLANG_WARN_BLOCK_CAPTURE_AUTORELEASING = YES;
				CLANG_WARN_BOOL_CONVERSION = YES;
				CLANG_WARN_COMMA = YES;
				CLANG_WARN_CONSTANT_CONVERSION = YES;
				CLANG_WARN_DEPRECATED_OBJC_IMPLEMENTATIONS = YES;
				CLANG_WARN_DIRECT_OBJC_ISA_USAGE = YES_ERROR;
				CLANG_WARN_DOCUMENTATION_COMMENTS = YES;
				CLANG_WARN_EMPTY_BODY = YES;
				CLANG_WARN_ENUM_CONVERSION = YES;
				CLANG_WARN_INFINITE_RECURSION = YES;
				CLANG_WARN_INT_CONVERSION = YES;
				CLANG_WARN_NON_LITERAL_NULL_CONVERSION = YES;
				CLANG_WARN_OBJC_IMPLICIT_RETAIN_SELF = YES;
				CLANG_WARN_OBJC_LITERAL_CONVERSION = YES;
				CLANG_WARN_OBJC_ROOT_CLASS = YES_ERROR;
				CLANG_WARN_QUOTED_INCLUDE_IN_FRAMEWORK_HEADER = YES;
				CLANG_WARN_RANGE_LOOP_ANALYSIS = YES;
				CLANG_WARN_STRICT_PROTOTYPES = YES;
				CLANG_WARN_SUSPICIOUS_MOVE = YES;
				CLANG_WARN_UNGUARDED_AVAILABILITY = YES_AGGRESSIVE;
				CLANG_WARN_UNREACHABLE_CODE = YES;
				CLANG_WARN__DUPLICATE_METHOD_MATCH = YES;
				COPY_PHASE_STRIP = NO;
				DEBUG_INFORMATION_FORMAT = "dwarf-with-dsym";
				ENABLE_NS_ASSERTIONS = NO;
				ENABLE_STRICT_OBJC_MSGSEND = YES;
				GCC_C_LANGUAGE_STANDARD = gnu11;
				GCC_NO_COMMON_BLOCKS = YES;
				GCC_WARN_64_TO_32_BIT_CONVERSION = YES;
				GCC_WARN_ABOUT_RETURN_TYPE = YES_ERROR;
				GCC_WARN_UNDECLARED_SELECTOR = YES;
				GCC_WARN_UNINITIALIZED_AUTOS = YES_AGGRESSIVE;
				GCC_WARN_UNUSED_FUNCTION = YES;
				GCC_WARN_UNUSED_VARIABLE = YES;
				IPHONEOS_DEPLOYMENT_TARGET = 16.4;
				MTL_ENABLE_DEBUG_INFO = NO;
				MTL_FAST_MATH = YES;
				SDKROOT = iphoneos;
				SWIFT_COMPILATION_MODE = wholemodule;
				SWIFT_OPTIMIZATION_LEVEL = "-O";
				VALIDATE_PRODUCT = YES;
			};
			name = Release;
		};
		C5CCCF572AD069E000A446F4 /* Debug */ = {
			isa = XCBuildConfiguration;
			buildSettings = {
				ASSETCATALOG_COMPILER_APPICON_NAME = AppIcon;
				ASSETCATALOG_COMPILER_GLOBAL_ACCENT_COLOR_NAME = AccentColor;
				CODE_SIGN_STYLE = Automatic;
				CURRENT_PROJECT_VERSION = 1;
				DEVELOPMENT_TEAM = 88PMY4A464;
				GENERATE_INFOPLIST_FILE = YES;
				INFOPLIST_FILE = AboutMeApp/Info.plist;
				INFOPLIST_KEY_UIApplicationSupportsIndirectInputEvents = YES;
				INFOPLIST_KEY_UILaunchStoryboardName = LaunchScreen;
				INFOPLIST_KEY_UIMainStoryboardFile = Main;
				INFOPLIST_KEY_UISupportedInterfaceOrientations_iPad = "UIInterfaceOrientationPortrait UIInterfaceOrientationPortraitUpsideDown UIInterfaceOrientationLandscapeLeft UIInterfaceOrientationLandscapeRight";
				INFOPLIST_KEY_UISupportedInterfaceOrientations_iPhone = "UIInterfaceOrientationPortrait UIInterfaceOrientationLandscapeLeft UIInterfaceOrientationLandscapeRight";
				LD_RUNPATH_SEARCH_PATHS = (
					"$(inherited)",
					"@executable_path/Frameworks",
				);
				MARKETING_VERSION = 1.0;
				PRODUCT_BUNDLE_IDENTIFIER = dstashkov.AboutMeApp;
				PRODUCT_NAME = "$(TARGET_NAME)";
				SUPPORTED_PLATFORMS = "iphoneos iphonesimulator";
				SUPPORTS_MACCATALYST = NO;
				SUPPORTS_MAC_DESIGNED_FOR_IPHONE_IPAD = NO;
				SWIFT_EMIT_LOC_STRINGS = YES;
				SWIFT_VERSION = 5.0;
				TARGETED_DEVICE_FAMILY = 1;
			};
			name = Debug;
		};
		C5CCCF582AD069E000A446F4 /* Release */ = {
			isa = XCBuildConfiguration;
			buildSettings = {
				ASSETCATALOG_COMPILER_APPICON_NAME = AppIcon;
				ASSETCATALOG_COMPILER_GLOBAL_ACCENT_COLOR_NAME = AccentColor;
				CODE_SIGN_STYLE = Automatic;
				CURRENT_PROJECT_VERSION = 1;
				DEVELOPMENT_TEAM = 88PMY4A464;
				GENERATE_INFOPLIST_FILE = YES;
				INFOPLIST_FILE = AboutMeApp/Info.plist;
				INFOPLIST_KEY_UIApplicationSupportsIndirectInputEvents = YES;
				INFOPLIST_KEY_UILaunchStoryboardName = LaunchScreen;
				INFOPLIST_KEY_UIMainStoryboardFile = Main;
				INFOPLIST_KEY_UISupportedInterfaceOrientations_iPad = "UIInterfaceOrientationPortrait UIInterfaceOrientationPortraitUpsideDown UIInterfaceOrientationLandscapeLeft UIInterfaceOrientationLandscapeRight";
				INFOPLIST_KEY_UISupportedInterfaceOrientations_iPhone = "UIInterfaceOrientationPortrait UIInterfaceOrientationLandscapeLeft UIInterfaceOrientationLandscapeRight";
				LD_RUNPATH_SEARCH_PATHS = (
					"$(inherited)",
					"@executable_path/Frameworks",
				);
				MARKETING_VERSION = 1.0;
				PRODUCT_BUNDLE_IDENTIFIER = dstashkov.AboutMeApp;
				PRODUCT_NAME = "$(TARGET_NAME)";
				SUPPORTED_PLATFORMS = "iphoneos iphonesimulator";
				SUPPORTS_MACCATALYST = NO;
				SUPPORTS_MAC_DESIGNED_FOR_IPHONE_IPAD = NO;
				SWIFT_EMIT_LOC_STRINGS = YES;
				SWIFT_VERSION = 5.0;
				TARGETED_DEVICE_FAMILY = 1;
			};
			name = Release;
		};
/* End XCBuildConfiguration section */

/* Begin XCConfigurationList section */
		C5CCCF3D2AD069DF00A446F4 /* Build configuration list for PBXProject "AboutMeApp" */ = {
			isa = XCConfigurationList;
			buildConfigurations = (
				C5CCCF542AD069E000A446F4 /* Debug */,
				C5CCCF552AD069E000A446F4 /* Release */,
			);
			defaultConfigurationIsVisible = 0;
			defaultConfigurationName = Release;
		};
		C5CCCF562AD069E000A446F4 /* Build configuration list for PBXNativeTarget "AboutMeApp" */ = {
			isa = XCConfigurationList;
			buildConfigurations = (
				C5CCCF572AD069E000A446F4 /* Debug */,
				C5CCCF582AD069E000A446F4 /* Release */,
			);
			defaultConfigurationIsVisible = 0;
			defaultConfigurationName = Release;
		};
/* End XCConfigurationList section */
	};
	rootObject = C5CCCF3A2AD069DF00A446F4 /* Project object */;
}
